PODS:
  - Flutter (1.0.0)
  - ton_client_dart (0.0.1):
    - Flutter

DEPENDENCIES:
  - Flutter (from `Flutter`)
  - ton_client_dart (from `.symlinks/plugins/ton_client_dart/ios`)

EXTERNAL SOURCES:
  Flutter:
    :path: Flutter
  ton_client_dart:
    :path: ".symlinks/plugins/ton_client_dart/ios"

SPEC CHECKSUMS:
  Flutter: 434fef37c0980e73bb6479ef766c45957d4b510c
  ton_client_dart: 1306bd43ed62333c6e2f6af960929c22834dd925

PODFILE CHECKSUM: aafe91acc616949ddb318b77800a7f51bffa2a4c

COCOAPODS: 1.10.1
